{
  "name": "hudl",
  "lockfileVersion": 3,
  "requires": true,
  "packages": {
    "": {
      "dependencies": {
        "@bufbuild/buf": "^1.65.0"
      }
    },
    "node_modules/@bufbuild/buf": {
      "version": "1.65.0",
      "resolved": "https://registry.npmjs.org/@bufbuild/buf/-/buf-1.65.0.tgz",
      "integrity": "sha512-IQmIBB2CGbJAwx1NkuAWMuj4QGPnZ8mujbf4ckx9t6KI9EzfUzql1OyKi9qPrxlLAciI+kBIyPDQ2MIvXTxWUg==",
      "hasInstallScript": true,
      "license": "Apache-2.0",
      "bin": {
        "buf": "bin/buf",
        "protoc-gen-buf-breaking": "bin/protoc-gen-buf-breaking",
        "protoc-gen-buf-lint": "bin/protoc-gen-buf-lint"
      },
      "engines": {
        "node": ">=12"
      },
      "optionalDependencies": {
        "@bufbuild/buf-darwin-arm64": "1.65.0",
        "@bufbuild/buf-darwin-x64": "1.65.0",
        "@bufbuild/buf-linux-aarch64": "1.65.0",
        "@bufbuild/buf-linux-armv7": "1.65.0",
        "@bufbuild/buf-linux-x64": "1.65.0",
        "@bufbuild/buf-win32-arm64": "1.65.0",
        "@bufbuild/buf-win32-x64": "1.65.0"
      }
    },
    "node_modules/@bufbuild/buf-darwin-arm64": {
      "version": "1.65.0",
      "resolved": "https://registry.npmjs.org/@bufbuild/buf-darwin-arm64/-/buf-darwin-arm64-1.65.0.tgz",
      "integrity": "sha512-2U8CHjW1ysINYKwIPcc4WAiQPxe91RIjNtjpg+RC9rP0aZ7TpGm5MTMY5l3sN4drtmKdb9rBs3bMQsMNhSc90A==",
      "cpu": [
        "arm64"
      ],
      "license": "Apache-2.0",
      "optional": true,
      "os": [
        "darwin"
      ],
      "engines": {
        "node": ">=12"
      }
    },
    "node_modules/@bufbuild/buf-darwin-x64": {
      "version": "1.65.0",
      "resolved": "https://registry.npmjs.org/@bufbuild/buf-darwin-x64/-/buf-darwin-x64-1.65.0.tgz",
      "integrity": "sha512-aMqfc6pQC4L9dZpSD61XCEpPWKEtb1rXDPkK0/tzrfTWodnbaJ/elNoxsCGzbZVSMFeAdomUpXmSMrk8ALfWWw==",
      "cpu": [
        "x64"
      ],
      "license": "Apache-2.0",
      "optional": true,
      "os": [
        "darwin"
      ],
      "engines": {
        "node": ">=12"
      }
    },
    "node_modules/@bufbuild/buf-linux-aarch64": {
      "version": "1.65.0",
      "resolved": "https://registry.npmjs.org/@bufbuild/buf-linux-aarch64/-/buf-linux-aarch64-1.65.0.tgz",
      "integrity": "sha512-gzqvY4PLRQ7g0+RlE9g+OL/6yPd5szG7e3Wd5bgjJzfKaQerNiQWaGyPLdcRsIM/WxJhT5e5lG8OrrWHwgQ9Ig==",
      "cpu": [
        "arm64"
      ],
      "license": "Apache-2.0",
      "optional": true,
      "os": [
        "linux"
      ],
      "engines": {
        "node": ">=12"
      }
    },
    "node_modules/@bufbuild/buf-linux-armv7": {
      "version": "1.65.0",
      "resolved": "https://registry.npmjs.org/@bufbuild/buf-linux-armv7/-/buf-linux-armv7-1.65.0.tgz",
      "integrity": "sha512-RpYFuPr9MKniD+WNfDgCclyvMu+/w9kK41OWr9sNnbS2BorujskwPiY0iTf5j+8+n/MeAnLIGlyC36+vUB/wIw==",
      "cpu": [
        "arm"
      ],
      "license": "Apache-2.0",
      "optional": true,
      "os": [
        "linux"
      ],
      "engines": {
        "node": ">=12"
      }
    },
    "node_modules/@bufbuild/buf-linux-x64": {
      "version": "1.65.0",
      "resolved": "https://registry.npmjs.org/@bufbuild/buf-linux-x64/-/buf-linux-x64-1.65.0.tgz",
      "integrity": "sha512-0j06h1uKCXlOtrlNcTBkURazT+AwMNvuVxgJsYeUDnSliN05QS7LnBzPOwKg76ariSqlLo+QXk9eNtdhgVjYOg==",
      "cpu": [
        "x64"
      ],
      "license": "Apache-2.0",
      "optional": true,
      "os": [
        "linux"
      ],
      "engines": {
        "node": ">=12"
      }
    },
    "node_modules/@bufbuild/buf-win32-arm64": {
      "version": "1.65.0",
      "resolved": "https://registry.npmjs.org/@bufbuild/buf-win32-arm64/-/buf-win32-arm64-1.65.0.tgz",
      "integrity": "sha512-KBFsQ3iEityUuLTUCoXAO6ZTGUXWljSjK4upqofsYCb4OJeSeVguD7b09efkQt9ymKsXBt5wQicsRdkMJy/VEA==",
      "cpu": [
        "arm64"
      ],
      "license": "Apache-2.0",
      "optional": true,
      "os": [
        "win32"
      ],
      "engines": {
        "node": ">=12"
      }
    },
    "node_modules/@bufbuild/buf-win32-x64": {
      "version": "1.65.0",
      "resolved": "https://registry.npmjs.org/@bufbuild/buf-win32-x64/-/buf-win32-x64-1.65.0.tgz",
      "integrity": "sha512-vJYzHjncSLdy4sPDW8kLqUldHh6Vucg6KabAflm7CDj29lU/HydV8T+nOVsXkoRMUf4+H/qy8WjnSMEtRkaogA==",
      "cpu": [
        "x64"
      ],
      "license": "Apache-2.0",
      "optional": true,
      "os": [
        "win32"
      ],
      "engines": {
        "node": ">=12"
      }
    }
  }
}
